// !$*UTF8*$!
{
	archiveVersion = 1;
	classes = {
	};
	objectVersion = 46;
	objects = {

/* Begin PBXBuildFile section */
		3212DBEE1A7CC5BB002D6F7D /* NavigationController.swift in Sources */ = {isa = PBXBuildFile; fileRef = 3212DBED1A7CC5BB002D6F7D /* NavigationController.swift */; };
		3212DBF01A7CFA0C002D6F7D /* SiteListTableViewController.swift in Sources */ = {isa = PBXBuildFile; fileRef = 3212DBEF1A7CFA0C002D6F7D /* SiteListTableViewController.swift */; };
		323EF44A1A81E71900D2054D /* techcrunch.png in Resources */ = {isa = PBXBuildFile; fileRef = 323EF4491A81E71900D2054D /* techcrunch.png */; };
		32E960791A7B443B002E1D4C /* AppDelegate.swift in Sources */ = {isa = PBXBuildFile; fileRef = 32E960781A7B443B002E1D4C /* AppDelegate.swift */; };
		32E9607E1A7B443B002E1D4C /* Main.storyboard in Resources */ = {isa = PBXBuildFile; fileRef = 32E9607C1A7B443B002E1D4C /* Main.storyboard */; };
		32E960801A7B443B002E1D4C /* Images.xcassets in Resources */ = {isa = PBXBuildFile; fileRef = 32E9607F1A7B443B002E1D4C /* Images.xcassets */; };
		32E960831A7B443B002E1D4C /* LaunchScreen.xib in Resources */ = {isa = PBXBuildFile; fileRef = 32E960811A7B443B002E1D4C /* LaunchScreen.xib */; };
		32E9608F1A7B443B002E1D4C /* RSS_ReaderTests.swift in Sources */ = {isa = PBXBuildFile; fileRef = 32E9608E1A7B443B002E1D4C /* RSS_ReaderTests.swift */; };
/* End PBXBuildFile section */

/* Begin PBXContainerItemProxy section */
		32E960891A7B443B002E1D4C /* PBXContainerItemProxy */ = {
			isa = PBXContainerItemProxy;
			containerPortal = 32E9606B1A7B443B002E1D4C /* Project object */;
			proxyType = 1;
			remoteGlobalIDString = 32E960721A7B443B002E1D4C;
			remoteInfo = "RSS-Reader";
		};
/* End PBXContainerItemProxy section */

/* Begin PBXFileReference section */
		3212DBED1A7CC5BB002D6F7D /* NavigationController.swift */ = {isa = PBXFileReference; fileEncoding = 4; lastKnownFileType = sourcecode.swift; path = NavigationController.swift; sourceTree = "<group>"; };
		3212DBEF1A7CFA0C002D6F7D /* SiteListTableViewController.swift */ = {isa = PBXFileReference; fileEncoding = 4; lastKnownFileType = sourcecode.swift; path = SiteListTableViewController.swift; sourceTree = "<group>"; };
		323EF4491A81E71900D2054D /* techcrunch.png */ = {isa = PBXFileReference; lastKnownFileType = image.png; path = techcrunch.png; sourceTree = "<group>"; };
		32E960731A7B443B002E1D4C /* RSS-Reader.app */ = {isa = PBXFileReference; explicitFileType = wrapper.application; includeInIndex = 0; path = "RSS-Reader.app"; sourceTree = BUILT_PRODUCTS_DIR; };
		32E960771A7B443B002E1D4C /* Info.plist */ = {isa = PBXFileReference; lastKnownFileType = text.plist.xml; path = Info.plist; sourceTree = "<group>"; };
		32E960781A7B443B002E1D4C /* AppDelegate.swift */ = {isa = PBXFileReference; lastKnownFileType = sourcecode.swift; path = AppDelegate.swift; sourceTree = "<group>"; };
		32E9607D1A7B443B002E1D4C /* Base */ = {isa = PBXFileReference; lastKnownFileType = file.storyboard; name = Base; path = Base.lproj/Main.storyboard; sourceTree = "<group>"; };
		32E9607F1A7B443B002E1D4C /* Images.xcassets */ = {isa = PBXFileReference; lastKnownFileType = folder.assetcatalog; path = Images.xcassets; sourceTree = "<group>"; };
		32E960821A7B443B002E1D4C /* Base */ = {isa = PBXFileReference; lastKnownFileType = file.xib; name = Base; path = Base.lproj/LaunchScreen.xib; sourceTree = "<group>"; };
		32E960881A7B443B002E1D4C /* RSS-ReaderTests.xctest */ = {isa = PBXFileReference; explicitFileType = wrapper.cfbundle; includeInIndex = 0; path = "RSS-ReaderTests.xctest"; sourceTree = BUILT_PRODUCTS_DIR; };
		32E9608D1A7B443B002E1D4C /* Info.plist */ = {isa = PBXFileReference; lastKnownFileType = text.plist.xml; path = Info.plist; sourceTree = "<group>"; };
		32E9608E1A7B443B002E1D4C /* RSS_ReaderTests.swift */ = {isa = PBXFileReference; lastKnownFileType = sourcecode.swift; path = RSS_ReaderTests.swift; sourceTree = "<group>"; };
/* End PBXFileReference section */

/* Begin PBXFrameworksBuildPhase section */
		32E960701A7B443B002E1D4C /* Frameworks */ = {
			isa = PBXFrameworksBuildPhase;
			buildActionMask = 2147483647;
			files = (
			);
			runOnlyForDeploymentPostprocessing = 0;
		};
		32E960851A7B443B002E1D4C /* Frameworks */ = {
			isa = PBXFrameworksBuildPhase;
			buildActionMask = 2147483647;
			files = (
			);
			runOnlyForDeploymentPostprocessing = 0;
		};
/* End PBXFrameworksBuildPhase section */

/* Begin PBXGroup section */
		323EF4481A81E71900D2054D /* images */ = {
			isa = PBXGroup;
			children = (
				323EF4491A81E71900D2054D /* techcrunch.png */,
			);
			path = images;
			sourceTree = "<group>";
		};
		32E9606A1A7B443B002E1D4C = {
			isa = PBXGroup;
			children = (
				32E960751A7B443B002E1D4C /* RSS-Reader */,
				32E9608B1A7B443B002E1D4C /* RSS-ReaderTests */,
				32E960741A7B443B002E1D4C /* Products */,
			);
			sourceTree = "<group>";
		};
		32E960741A7B443B002E1D4C /* Products */ = {
			isa = PBXGroup;
			children = (
				32E960731A7B443B002E1D4C /* RSS-Reader.app */,
				32E960881A7B443B002E1D4C /* RSS-ReaderTests.xctest */,
			);
			name = Products;
			sourceTree = "<group>";
		};
		32E960751A7B443B002E1D4C /* RSS-Reader */ = {
			isa = PBXGroup;
			children = (
				323EF4481A81E71900D2054D /* images */,
				32E960781A7B443B002E1D4C /* AppDelegate.swift */,
				3212DBED1A7CC5BB002D6F7D /* NavigationController.swift */,
				3212DBEF1A7CFA0C002D6F7D /* SiteListTableViewController.swift */,
				32E9607C1A7B443B002E1D4C /* Main.storyboard */,
				32E9607F1A7B443B002E1D4C /* Images.xcassets */,
				32E960811A7B443B002E1D4C /* LaunchScreen.xib */,
				32E960761A7B443B002E1D4C /* Supporting Files */,
			);
			path = "RSS-Reader";
			sourceTree = "<group>";
		};
		32E960761A7B443B002E1D4C /* Supporting Files */ = {
			isa = PBXGroup;
			children = (
				32E960771A7B443B002E1D4C /* Info.plist */,
			);
			name = "Supporting Files";
			sourceTree = "<group>";
		};
		32E9608B1A7B443B002E1D4C /* RSS-ReaderTests */ = {
			isa = PBXGroup;
			children = (
				32E9608E1A7B443B002E1D4C /* RSS_ReaderTests.swift */,
				32E9608C1A7B443B002E1D4C /* Supporting Files */,
			);
			path = "RSS-ReaderTests";
			sourceTree = "<group>";
		};
		32E9608C1A7B443B002E1D4C /* Supporting Files */ = {
			isa = PBXGroup;
			children = (
				32E9608D1A7B443B002E1D4C /* Info.plist */,
			);
			name = "Supporting Files";
			sourceTree = "<group>";
		};
/* End PBXGroup section */

/* Begin PBXNativeTarget section */
		32E960721A7B443B002E1D4C /* RSS-Reader */ = {
			isa = PBXNativeTarget;
			buildConfigurationList = 32E960921A7B443B002E1D4C /* Build configuration list for PBXNativeTarget "RSS-Reader" */;
			buildPhases = (
				32E9606F1A7B443B002E1D4C /* Sources */,
				32E960701A7B443B002E1D4C /* Frameworks */,
				32E960711A7B443B002E1D4C /* Resources */,
			);
			buildRules = (
			);
			dependencies = (
			);
			name = "RSS-Reader";
			productName = "RSS-Reader";
			productReference = 32E960731A7B443B002E1D4C /* RSS-Reader.app */;
			productType = "com.apple.product-type.application";
		};
		32E960871A7B443B002E1D4C /* RSS-ReaderTests */ = {
			isa = PBXNativeTarget;
			buildConfigurationList = 32E960951A7B443B002E1D4C /* Build configuration list for PBXNativeTarget "RSS-ReaderTests" */;
			buildPhases = (
				32E960841A7B443B002E1D4C /* Sources */,
				32E960851A7B443B002E1D4C /* Frameworks */,
				32E960861A7B443B002E1D4C /* Resources */,
			);
			buildRules = (
			);
			dependencies = (
				32E9608A1A7B443B002E1D4C /* PBXTargetDependency */,
			);
			name = "RSS-ReaderTests";
			productName = "RSS-ReaderTests";
			productReference = 32E960881A7B443B002E1D4C /* RSS-ReaderTests.xctest */;
			productType = "com.apple.product-type.bundle.unit-test";
		};
/* End PBXNativeTarget section */

/* Begin PBXProject section */
		32E9606B1A7B443B002E1D4C /* Project object */ = {
			isa = PBXProject;
			attributes = {
				LastUpgradeCheck = 0610;
				ORGANIZATIONNAME = "shinbo maiki";
				TargetAttributes = {
					32E960721A7B443B002E1D4C = {
						CreatedOnToolsVersion = 6.1.1;
					};
					32E960871A7B443B002E1D4C = {
						CreatedOnToolsVersion = 6.1.1;
						TestTargetID = 32E960721A7B443B002E1D4C;
					};
				};
			};
			buildConfigurationList = 32E9606E1A7B443B002E1D4C /* Build configuration list for PBXProject "RSS-Reader" */;
			compatibilityVersion = "Xcode 3.2";
			developmentRegion = English;
			hasScannedForEncodings = 0;
			knownRegions = (
				en,
				Base,
			);
			mainGroup = 32E9606A1A7B443B002E1D4C;
			productRefGroup = 32E960741A7B443B002E1D4C /* Products */;
			projectDirPath = "";
			projectRoot = "";
			targets = (
				32E960721A7B443B002E1D4C /* RSS-Reader */,
				32E960871A7B443B002E1D4C /* RSS-ReaderTests */,
			);
		};
/* End PBXProject section */

/* Begin PBXResourcesBuildPhase section */
		32E960711A7B443B002E1D4C /* Resources */ = {
			isa = PBXResourcesBuildPhase;
			buildActionMask = 2147483647;
			files = (
				323EF44A1A81E71900D2054D /* techcrunch.png in Resources */,
				32E9607E1A7B443B002E1D4C /* Main.storyboard in Resources */,
				32E960831A7B443B002E1D4C /* LaunchScreen.xib in Resources */,
				32E960801A7B443B002E1D4C /* Images.xcassets in Resources */,
			);
			runOnlyForDeploymentPostprocessing = 0;
		};
		32E960861A7B443B002E1D4C /* Resources */ = {
			isa = PBXResourcesBuildPhase;
			buildActionMask = 2147483647;
			files = (
			);
			runOnlyForDeploymentPostprocessing = 0;
		};
/* End PBXResourcesBuildPhase section */

/* Begin PBXSourcesBuildPhase section */
		32E9606F1A7B443B002E1D4C /* Sources */ = {
			isa = PBXSourcesBuildPhase;
			buildActionMask = 2147483647;
			files = (
				32E960791A7B443B002E1D4C /* AppDelegate.swift in Sources */,
				3212DBEE1A7CC5BB002D6F7D /* NavigationController.swift in Sources */,
				3212DBF01A7CFA0C002D6F7D /* SiteListTableViewController.swift in Sources */,
			);
			runOnlyForDeploymentPostprocessing = 0;
		};
		32E960841A7B443B002E1D4C /* Sources */ = {
			isa = PBXSourcesBuildPhase;
			buildActionMask = 2147483647;
			files = (
				32E9608F1A7B443B002E1D4C /* RSS_ReaderTests.swift in Sources */,
			);
			runOnlyForDeploymentPostprocessing = 0;
		};
/* End PBXSourcesBuildPhase section */

/* Begin PBXTargetDependency section */
		32E9608A1A7B443B002E1D4C /* PBXTargetDependency */ = {
			isa = PBXTargetDependency;
			target = 32E960721A7B443B002E1D4C /* RSS-Reader */;
			targetProxy = 32E960891A7B443B002E1D4C /* PBXContainerItemProxy */;
		};
/* End PBXTargetDependency section */

/* Begin PBXVariantGroup section */
		32E9607C1A7B443B002E1D4C /* Main.storyboard */ = {
			isa = PBXVariantGroup;
			children = (
				32E9607D1A7B443B002E1D4C /* Base */,
			);
			name = Main.storyboard;
			sourceTree = "<group>";
		};
		32E960811A7B443B002E1D4C /* LaunchScreen.xib */ = {
			isa = PBXVariantGroup;
			children = (
				32E960821A7B443B002E1D4C /* Base */,
			);
			name = LaunchScreen.xib;
			sourceTree = "<group>";
		};
/* End PBXVariantGroup section */

/* Begin XCBuildConfiguration section */
		32E960901A7B443B002E1D4C /* Debug */ = {
			isa = XCBuildConfiguration;
			buildSettings = {
				ALWAYS_SEARCH_USER_PATHS = NO;
				CLANG_CXX_LANGUAGE_STANDARD = "gnu++0x";
				CLANG_CXX_LIBRARY = "libc++";
				CLANG_ENABLE_MODULES = YES;
				CLANG_ENABLE_OBJC_ARC = YES;
				CLANG_WARN_BOOL_CONVERSION = YES;
				CLANG_WARN_CONSTANT_CONVERSION = YES;
				CLANG_WARN_DIRECT_OBJC_ISA_USAGE = YES_ERROR;
				CLANG_WARN_EMPTY_BODY = YES;
				CLANG_WARN_ENUM_CONVERSION = YES;
				CLANG_WARN_INT_CONVERSION = YES;
				CLANG_WARN_OBJC_ROOT_CLASS = YES_ERROR;
				CLANG_WARN_UNREACHABLE_CODE = YES;
				CLANG_WARN__DUPLICATE_METHOD_MATCH = YES;
				"CODE_SIGN_IDENTITY[sdk=iphoneos*]" = "iPhone Developer";
				COPY_PHASE_STRIP = NO;
				ENABLE_STRICT_OBJC_MSGSEND = YES;
				GCC_C_LANGUAGE_STANDARD = gnu99;
				GCC_DYNAMIC_NO_PIC = NO;
				GCC_OPTIMIZATION_LEVEL = 0;
				GCC_PREPROCESSOR_DEFINITIONS = (
					"DEBUG=1",
					"$(inherited)",
				);
				GCC_SYMBOLS_PRIVATE_EXTERN = NO;
				GCC_WARN_64_TO_32_BIT_CONVERSION = YES;
				GCC_WARN_ABOUT_RETURN_TYPE = YES_ERROR;
				GCC_WARN_UNDECLARED_SELECTOR = YES;
				GCC_WARN_UNINITIALIZED_AUTOS = YES_AGGRESSIVE;
				GCC_WARN_UNUSED_FUNCTION = YES;
				GCC_WARN_UNUSED_VARIABLE = YES;
				IPHONEOS_DEPLOYMENT_TARGET = 8.1;
				MTL_ENABLE_DEBUG_INFO = YES;
				ONLY_ACTIVE_ARCH = YES;
				SDKROOT = iphoneos;
				SWIFT_OPTIMIZATION_LEVEL = "-Onone";
				TARGETED_DEVICE_FAMILY = "1,2";
			};
			name = Debug;
		};
		32E960911A7B443B002E1D4C /* Release */ = {
			isa = XCBuildConfiguration;
			buildSettings = {
				ALWAYS_SEARCH_USER_PATHS = NO;
				CLANG_CXX_LANGUAGE_STANDARD = "gnu++0x";
				CLANG_CXX_LIBRARY = "libc++";
				CLANG_ENABLE_MODULES = YES;
				CLANG_ENABLE_OBJC_ARC = YES;
				CLANG_WARN_BOOL_CONVERSION = YES;
				CLANG_WARN_CONSTANT_CONVERSION = YES;
				CLANG_WARN_DIRECT_OBJC_ISA_USAGE = YES_ERROR;
				CLANG_WARN_EMPTY_BODY = YES;
				CLANG_WARN_ENUM_CONVERSION = YES;
				CLANG_WARN_INT_CONVERSION = YES;
				CLANG_WARN_OBJC_ROOT_CLASS = YES_ERROR;
				CLANG_WARN_UNREACHABLE_CODE = YES;
				CLANG_WARN__DUPLICATE_METHOD_MATCH = YES;
				"CODE_SIGN_IDENTITY[sdk=iphoneos*]" = "iPhone Developer";
				COPY_PHASE_STRIP = YES;
				ENABLE_NS_ASSERTIONS = NO;
				ENABLE_STRICT_OBJC_MSGSEND = YES;
				GCC_C_LANGUAGE_STANDARD = gnu99;
				GCC_WARN_64_TO_32_BIT_CONVERSION = YES;
				GCC_WARN_ABOUT_RETURN_TYPE = YES_ERROR;
				GCC_WARN_UNDECLARED_SELECTOR = YES;
				GCC_WARN_UNINITIALIZED_AUTOS = YES_AGGRESSIVE;
				GCC_WARN_UNUSED_FUNCTION = YES;
				GCC_WARN_UNUSED_VARIABLE = YES;
				IPHONEOS_DEPLOYMENT_TARGET = 8.1;
				MTL_ENABLE_DEBUG_INFO = NO;
				SDKROOT = iphoneos;
				TARGETED_DEVICE_FAMILY = "1,2";
				VALIDATE_PRODUCT = YES;
			};
			name = Release;
		};
		32E960931A7B443B002E1D4C /* Debug */ = {
			isa = XCBuildConfiguration;
			buildSettings = {
				ASSETCATALOG_COMPILER_APPICON_NAME = AppIcon;
				INFOPLIST_FILE = "RSS-Reader/Info.plist";
				LD_RUNPATH_SEARCH_PATHS = "$(inherited) @executable_path/Frameworks";
				PRODUCT_NAME = "$(TARGET_NAME)";
			};
			name = Debug;
		};
		32E960941A7B443B002E1D4C /* Release */ = {
			isa = XCBuildConfiguration;
			buildSettings = {
				ASSETCATALOG_COMPILER_APPICON_NAME = AppIcon;
				INFOPLIST_FILE = "RSS-Reader/Info.plist";
				LD_RUNPATH_SEARCH_PATHS = "$(inherited) @executable_path/Frameworks";
				PRODUCT_NAME = "$(TARGET_NAME)";
			};
			name = Release;
		};
		32E960961A7B443B002E1D4C /* Debug */ = {
			isa = XCBuildConfiguration;
			buildSettings = {
				BUNDLE_LOADER = "$(TEST_HOST)";
				FRAMEWORK_SEARCH_PATHS = (
					"$(SDKROOT)/Developer/Library/Frameworks",
					"$(inherited)",
				);
				GCC_PREPROCESSOR_DEFINITIONS = (
					"DEBUG=1",
					"$(inherited)",
				);
				INFOPLIST_FILE = "RSS-ReaderTests/Info.plist";
				LD_RUNPATH_SEARCH_PATHS = "$(inherited) @executable_path/Frameworks @loader_path/Frameworks";
				PRODUCT_NAME = "$(TARGET_NAME)";
				TEST_HOST = "$(BUILT_PRODUCTS_DIR)/RSS-Reader.app/RSS-Reader";
			};
			name = Debug;
		};
		32E960971A7B443B002E1D4C /* Release */ = {
			isa = XCBuildConfiguration;
			buildSettings = {
				BUNDLE_LOADER = "$(TEST_HOST)";
				FRAMEWORK_SEARCH_PATHS = (
					"$(SDKROOT)/Developer/Library/Frameworks",
					"$(inherited)",
				);
				INFOPLIST_FILE = "RSS-ReaderTests/Info.plist";
				LD_RUNPATH_SEARCH_PATHS = "$(inherited) @executable_path/Frameworks @loader_path/Frameworks";
				PRODUCT_NAME = "$(TARGET_NAME)";
				TEST_HOST = "$(BUILT_PRODUCTS_DIR)/RSS-Reader.app/RSS-Reader";
			};
			name = Release;
		};
/* End XCBuildConfiguration section */

/* Begin XCConfigurationList section */
		32E9606E1A7B443B002E1D4C /* Build configuration list for PBXProject "RSS-Reader" */ = {
			isa = XCConfigurationList;
			buildConfigurations = (
				32E960901A7B443B002E1D4C /* Debug */,
				32E960911A7B443B002E1D4C /* Release */,
			);
			defaultConfigurationIsVisible = 0;
			defaultConfigurationName = Release;
		};
		32E960921A7B443B002E1D4C /* Build configuration list for PBXNativeTarget "RSS-Reader" */ = {
			isa = XCConfigurationList;
			buildConfigurations = (
				32E960931A7B443B002E1D4C /* Debug */,
				32E960941A7B443B002E1D4C /* Release */,
			);
			defaultConfigurationIsVisible = 0;
			defaultConfigurationName = Release;
		};
		32E960951A7B443B002E1D4C /* Build configuration list for PBXNativeTarget "RSS-ReaderTests" */ = {
			isa = XCConfigurationList;
			buildConfigurations = (
				32E960961A7B443B002E1D4C /* Debug */,
				32E960971A7B443B002E1D4C /* Release */,
			);
			defaultConfigurationIsVisible = 0;
			defaultConfigurationName = Release;
		};
/* End XCConfigurationList section */
	};
	rootObject = 32E9606B1A7B443B002E1D4C /* Project object */;
}
